
Microsoft Visual Studio Solution File, Format Version 12.00
Project("{FAE04EC0-301F-11D3-BF4B-00C04F79EFBC}") = "CLI", "src\CLI\CLI.csproj", "{8486D229-2879-4011-94DA-F1BAA06CBDD8}"
EndProject
Project("{FAE04EC0-301F-11D3-BF4B-00C04F79EFBC}") = "Kotlin-NET.Tests", "src\Tests\Kotlin-NET.Tests.csproj", "{C4D3EE3C-F6C5-4911-A0C0-98C235BD71C9}"
EndProject
Global
	GlobalSection(SolutionConfigurationPlatforms) = preSolution
		Debug|Any CPU = Debug|Any CPU
		Release|Any CPU = Release|Any CPU
	EndGlobalSection
	GlobalSection(ProjectConfigurationPlatforms) = postSolution
		{8486D229-2879-4011-94DA-F1BAA06CBDD8}.Debug|Any CPU.ActiveCfg = Debug|Any CPU
		{8486D229-2879-4011-94DA-F1BAA06CBDD8}.Debug|Any CPU.Build.0 = Debug|Any CPU
		{8486D229-2879-4011-94DA-F1BAA06CBDD8}.Release|Any CPU.ActiveCfg = Release|Any CPU
		{8486D229-2879-4011-94DA-F1BAA06CBDD8}.Release|Any CPU.Build.0 = Release|Any CPU
		{C4D3EE3C-F6C5-4911-A0C0-98C235BD71C9}.Debug|Any CPU.ActiveCfg = Debug|Any CPU
		{C4D3EE3C-F6C5-4911-A0C0-98C235BD71C9}.Debug|Any CPU.Build.0 = Debug|Any CPU
		{C4D3EE3C-F6C5-4911-A0C0-98C235BD71C9}.Release|Any CPU.ActiveCfg = Release|Any CPU
		{C4D3EE3C-F6C5-4911-A0C0-98C235BD71C9}.Release|Any CPU.Build.0 = Release|Any CPU
	EndGlobalSection
EndGlobal
